
Microsoft Visual Studio Solution File, Format Version 12.00
# Visual Studio Version 17
VisualStudioVersion = 17.8.34219.65
MinimumVisualStudioVersion = 10.0.40219.1
Project("{9A19103F-16F7-4668-BE54-9A1E7A4F7556}") = "Ocr", "Ocr\Ocr.csproj", "{134F837C-FCAD-4E61-A304-442736226A6A}"
EndProject
Project("{9A19103F-16F7-4668-BE54-9A1E7A4F7556}") = "TheCompleteBookOfMormon.Web", "TheCompleteBookOfMormon.Web\TheCompleteBookOfMormon.Web.csproj", "{B864528E-E66F-4EC0-AEAA-221650923E0D}"
EndProject
Project("{9A19103F-16F7-4668-BE54-9A1E7A4F7556}") = "TheCompleteBookOfMormon.Domain", "TheCompleteBookOfMormon.Domain\TheCompleteBookOfMormon.Domain.csproj", "{712517CC-B461-4AC4-8ACC-F925DFE83520}"
EndProject
Project("{2150E333-8FDC-42A3-9474-1A3956D46DE8}") = "Solution Items", "Solution Items", "{2E4B43EB-3CC7-4DEA-BF48-2B9F915FBFA6}"
	ProjectSection(SolutionItems) = preProject
		AddMigration.bat = AddMigration.bat
		UpdateDB.bat = UpdateDB.bat
	EndProjectSection
EndProject
Global
	GlobalSection(SolutionConfigurationPlatforms) = preSolution
		Debug|Any CPU = Debug|Any CPU
		Debug|x86 = Debug|x86
		Release|Any CPU = Release|Any CPU
		Release|x86 = Release|x86
	EndGlobalSection
	GlobalSection(ProjectConfigurationPlatforms) = postSolution
		{134F837C-FCAD-4E61-A304-442736226A6A}.Debug|Any CPU.ActiveCfg = Debug|Any CPU
		{134F837C-FCAD-4E61-A304-442736226A6A}.Debug|Any CPU.Build.0 = Debug|Any CPU
		{134F837C-FCAD-4E61-A304-442736226A6A}.Debug|x86.ActiveCfg = Debug|Any CPU
		{134F837C-FCAD-4E61-A304-442736226A6A}.Debug|x86.Build.0 = Debug|Any CPU
		{134F837C-FCAD-4E61-A304-442736226A6A}.Release|Any CPU.ActiveCfg = Release|Any CPU
		{134F837C-FCAD-4E61-A304-442736226A6A}.Release|Any CPU.Build.0 = Release|Any CPU
		{134F837C-FCAD-4E61-A304-442736226A6A}.Release|x86.ActiveCfg = Release|Any CPU
		{134F837C-FCAD-4E61-A304-442736226A6A}.Release|x86.Build.0 = Release|Any CPU
		{B864528E-E66F-4EC0-AEAA-221650923E0D}.Debug|Any CPU.ActiveCfg = Debug|Any CPU
		{B864528E-E66F-4EC0-AEAA-221650923E0D}.Debug|Any CPU.Build.0 = Debug|Any CPU
		{B864528E-E66F-4EC0-AEAA-221650923E0D}.Debug|x86.ActiveCfg = Debug|Any CPU
		{B864528E-E66F-4EC0-AEAA-221650923E0D}.Debug|x86.Build.0 = Debug|Any CPU
		{B864528E-E66F-4EC0-AEAA-221650923E0D}.Release|Any CPU.ActiveCfg = Release|Any CPU
		{B864528E-E66F-4EC0-AEAA-221650923E0D}.Release|Any CPU.Build.0 = Release|Any CPU
		{B864528E-E66F-4EC0-AEAA-221650923E0D}.Release|x86.ActiveCfg = Release|Any CPU
		{B864528E-E66F-4EC0-AEAA-221650923E0D}.Release|x86.Build.0 = Release|Any CPU
		{712517CC-B461-4AC4-8ACC-F925DFE83520}.Debug|Any CPU.ActiveCfg = Debug|Any CPU
		{712517CC-B461-4AC4-8ACC-F925DFE83520}.Debug|Any CPU.Build.0 = Debug|Any CPU
		{712517CC-B461-4AC4-8ACC-F925DFE83520}.Debug|x86.ActiveCfg = Debug|Any CPU
		{712517CC-B461-4AC4-8ACC-F925DFE83520}.Debug|x86.Build.0 = Debug|Any CPU
		{712517CC-B461-4AC4-8ACC-F925DFE83520}.Release|Any CPU.ActiveCfg = Release|Any CPU
		{712517CC-B461-4AC4-8ACC-F925DFE83520}.Release|Any CPU.Build.0 = Release|Any CPU
		{712517CC-B461-4AC4-8ACC-F925DFE83520}.Release|x86.ActiveCfg = Release|Any CPU
		{712517CC-B461-4AC4-8ACC-F925DFE83520}.Release|x86.Build.0 = Release|Any CPU
	EndGlobalSection
	GlobalSection(SolutionProperties) = preSolution
		HideSolutionNode = FALSE
	EndGlobalSection
	GlobalSection(ExtensibilityGlobals) = postSolution
		SolutionGuid = {087AA483-59B9-44AC-BFD5-813149F987F5}
	EndGlobalSection
EndGlobal
